// !$*UTF8*$!
{
	archiveVersion = 1;
	classes = {
	};
	objectVersion = 55;
	objects = {

/* Begin PBXBuildFile section */
		AD0B358D28BE0DDC00F6F390 /* AppDelegate.swift in Sources */ = {isa = PBXBuildFile; fileRef = AD0B358C28BE0DDC00F6F390 /* AppDelegate.swift */; };
		AD0B358F28BE0DDC00F6F390 /* SceneDelegate.swift in Sources */ = {isa = PBXBuildFile; fileRef = AD0B358E28BE0DDC00F6F390 /* SceneDelegate.swift */; };
		AD0B359128BE0DDC00F6F390 /* AnasayfaVC.swift in Sources */ = {isa = PBXBuildFile; fileRef = AD0B359028BE0DDC00F6F390 /* AnasayfaVC.swift */; };
		AD0B359428BE0DDC00F6F390 /* Main.storyboard in Resources */ = {isa = PBXBuildFile; fileRef = AD0B359228BE0DDC00F6F390 /* Main.storyboard */; };
		AD0B359628BE0DDD00F6F390 /* Assets.xcassets in Resources */ = {isa = PBXBuildFile; fileRef = AD0B359528BE0DDD00F6F390 /* Assets.xcassets */; };
		AD0B359928BE0DDD00F6F390 /* LaunchScreen.storyboard in Resources */ = {isa = PBXBuildFile; fileRef = AD0B359728BE0DDD00F6F390 /* LaunchScreen.storyboard */; };
		AD0B35A128BE0EC100F6F390 /* KisiKayitVC.swift in Sources */ = {isa = PBXBuildFile; fileRef = AD0B35A028BE0EC100F6F390 /* KisiKayitVC.swift */; };
		AD0B35A328BE0ED600F6F390 /* KisiDetayVC.swift in Sources */ = {isa = PBXBuildFile; fileRef = AD0B35A228BE0ED600F6F390 /* KisiDetayVC.swift */; };
		AD0B35A528BE120000F6F390 /* Kisiler.swift in Sources */ = {isa = PBXBuildFile; fileRef = AD0B35A428BE120000F6F390 /* Kisiler.swift */; };
		AD0B35A728BE153100F6F390 /* TableViewHucre.swift in Sources */ = {isa = PBXBuildFile; fileRef = AD0B35A628BE153100F6F390 /* TableViewHucre.swift */; };
		AD0B35B328BE230C00F6F390 /* AnasayfaProtocols.swift in Sources */ = {isa = PBXBuildFile; fileRef = AD0B35B228BE230C00F6F390 /* AnasayfaProtocols.swift */; };
		AD0B35B528BE231B00F6F390 /* AnasayfaRouter.swift in Sources */ = {isa = PBXBuildFile; fileRef = AD0B35B428BE231B00F6F390 /* AnasayfaRouter.swift */; };
		AD0B35B828BE233000F6F390 /* AnasayfaInteractor.swift in Sources */ = {isa = PBXBuildFile; fileRef = AD0B35B728BE233000F6F390 /* AnasayfaInteractor.swift */; };
		AD0B35BA28BE233C00F6F390 /* AnasayfaPresenter.swift in Sources */ = {isa = PBXBuildFile; fileRef = AD0B35B928BE233C00F6F390 /* AnasayfaPresenter.swift */; };
		AD0B35C128BE239700F6F390 /* KisiKayitProtocols.swift in Sources */ = {isa = PBXBuildFile; fileRef = AD0B35C028BE239700F6F390 /* KisiKayitProtocols.swift */; };
		AD0B35C328BE23A200F6F390 /* KisiKayitRouter.swift in Sources */ = {isa = PBXBuildFile; fileRef = AD0B35C228BE23A200F6F390 /* KisiKayitRouter.swift */; };
		AD0B35C628BE23B900F6F390 /* KisiKayitInteractor.swift in Sources */ = {isa = PBXBuildFile; fileRef = AD0B35C528BE23B900F6F390 /* KisiKayitInteractor.swift */; };
		AD0B35C828BE23C700F6F390 /* KisiKayitPresenter.swift in Sources */ = {isa = PBXBuildFile; fileRef = AD0B35C728BE23C700F6F390 /* KisiKayitPresenter.swift */; };
		AD0B35CF28BE241300F6F390 /* KisiDetayProtocols.swift in Sources */ = {isa = PBXBuildFile; fileRef = AD0B35CE28BE241300F6F390 /* KisiDetayProtocols.swift */; };
		AD0B35D128BE241E00F6F390 /* KisiDetayRouter.swift in Sources */ = {isa = PBXBuildFile; fileRef = AD0B35D028BE241E00F6F390 /* KisiDetayRouter.swift */; };
		AD0B35D328BE242800F6F390 /* KisiDetayInteractor.swift in Sources */ = {isa = PBXBuildFile; fileRef = AD0B35D228BE242800F6F390 /* KisiDetayInteractor.swift */; };
		AD0B35D528BE243200F6F390 /* KisiDetayPresenter.swift in Sources */ = {isa = PBXBuildFile; fileRef = AD0B35D428BE243200F6F390 /* KisiDetayPresenter.swift */; };
		AD0B35D728BE4A0C00F6F390 /* rehber.sqlite in Resources */ = {isa = PBXBuildFile; fileRef = AD0B35D628BE4A0C00F6F390 /* rehber.sqlite */; };
		AD0B35E628BE4AE300F6F390 /* FMDatabasePool.m in Sources */ = {isa = PBXBuildFile; fileRef = AD0B35DB28BE4AE200F6F390 /* FMDatabasePool.m */; };
		AD0B35E728BE4AE300F6F390 /* FMDatabaseAdditions.m in Sources */ = {isa = PBXBuildFile; fileRef = AD0B35DF28BE4AE200F6F390 /* FMDatabaseAdditions.m */; };
		AD0B35E828BE4AE300F6F390 /* FMDatabaseQueue.m in Sources */ = {isa = PBXBuildFile; fileRef = AD0B35E028BE4AE300F6F390 /* FMDatabaseQueue.m */; };
		AD0B35E928BE4AE300F6F390 /* FMDatabase.m in Sources */ = {isa = PBXBuildFile; fileRef = AD0B35E228BE4AE300F6F390 /* FMDatabase.m */; };
		AD0B35EA28BE4AE300F6F390 /* FMResultSet.m in Sources */ = {isa = PBXBuildFile; fileRef = AD0B35E528BE4AE300F6F390 /* FMResultSet.m */; };
/* End PBXBuildFile section */

/* Begin PBXFileReference section */
		AD0B358928BE0DDC00F6F390 /* KisilerViperPattern.app */ = {isa = PBXFileReference; explicitFileType = wrapper.application; includeInIndex = 0; path = KisilerViperPattern.app; sourceTree = BUILT_PRODUCTS_DIR; };
		AD0B358C28BE0DDC00F6F390 /* AppDelegate.swift */ = {isa = PBXFileReference; lastKnownFileType = sourcecode.swift; path = AppDelegate.swift; sourceTree = "<group>"; };
		AD0B358E28BE0DDC00F6F390 /* SceneDelegate.swift */ = {isa = PBXFileReference; lastKnownFileType = sourcecode.swift; path = SceneDelegate.swift; sourceTree = "<group>"; };
		AD0B359028BE0DDC00F6F390 /* AnasayfaVC.swift */ = {isa = PBXFileReference; lastKnownFileType = sourcecode.swift; path = AnasayfaVC.swift; sourceTree = "<group>"; };
		AD0B359328BE0DDC00F6F390 /* Base */ = {isa = PBXFileReference; lastKnownFileType = file.storyboard; name = Base; path = Base.lproj/Main.storyboard; sourceTree = "<group>"; };
		AD0B359528BE0DDD00F6F390 /* Assets.xcassets */ = {isa = PBXFileReference; lastKnownFileType = folder.assetcatalog; path = Assets.xcassets; sourceTree = "<group>"; };
		AD0B359828BE0DDD00F6F390 /* Base */ = {isa = PBXFileReference; lastKnownFileType = file.storyboard; name = Base; path = Base.lproj/LaunchScreen.storyboard; sourceTree = "<group>"; };
		AD0B359A28BE0DDD00F6F390 /* Info.plist */ = {isa = PBXFileReference; lastKnownFileType = text.plist.xml; path = Info.plist; sourceTree = "<group>"; };
		AD0B35A028BE0EC100F6F390 /* KisiKayitVC.swift */ = {isa = PBXFileReference; lastKnownFileType = sourcecode.swift; path = KisiKayitVC.swift; sourceTree = "<group>"; };
		AD0B35A228BE0ED600F6F390 /* KisiDetayVC.swift */ = {isa = PBXFileReference; lastKnownFileType = sourcecode.swift; path = KisiDetayVC.swift; sourceTree = "<group>"; };
		AD0B35A428BE120000F6F390 /* Kisiler.swift */ = {isa = PBXFileReference; lastKnownFileType = sourcecode.swift; path = Kisiler.swift; sourceTree = "<group>"; };
		AD0B35A628BE153100F6F390 /* TableViewHucre.swift */ = {isa = PBXFileReference; lastKnownFileType = sourcecode.swift; path = TableViewHucre.swift; sourceTree = "<group>"; };
		AD0B35B228BE230C00F6F390 /* AnasayfaProtocols.swift */ = {isa = PBXFileReference; lastKnownFileType = sourcecode.swift; path = AnasayfaProtocols.swift; sourceTree = "<group>"; };
		AD0B35B428BE231B00F6F390 /* AnasayfaRouter.swift */ = {isa = PBXFileReference; lastKnownFileType = sourcecode.swift; path = AnasayfaRouter.swift; sourceTree = "<group>"; };
		AD0B35B728BE233000F6F390 /* AnasayfaInteractor.swift */ = {isa = PBXFileReference; lastKnownFileType = sourcecode.swift; path = AnasayfaInteractor.swift; sourceTree = "<group>"; };
		AD0B35B928BE233C00F6F390 /* AnasayfaPresenter.swift */ = {isa = PBXFileReference; lastKnownFileType = sourcecode.swift; path = AnasayfaPresenter.swift; sourceTree = "<group>"; };
		AD0B35C028BE239700F6F390 /* KisiKayitProtocols.swift */ = {isa = PBXFileReference; lastKnownFileType = sourcecode.swift; path = KisiKayitProtocols.swift; sourceTree = "<group>"; };
		AD0B35C228BE23A200F6F390 /* KisiKayitRouter.swift */ = {isa = PBXFileReference; lastKnownFileType = sourcecode.swift; path = KisiKayitRouter.swift; sourceTree = "<group>"; };
		AD0B35C528BE23B900F6F390 /* KisiKayitInteractor.swift */ = {isa = PBXFileReference; lastKnownFileType = sourcecode.swift; path = KisiKayitInteractor.swift; sourceTree = "<group>"; };
		AD0B35C728BE23C700F6F390 /* KisiKayitPresenter.swift */ = {isa = PBXFileReference; lastKnownFileType = sourcecode.swift; path = KisiKayitPresenter.swift; sourceTree = "<group>"; };
		AD0B35CE28BE241300F6F390 /* KisiDetayProtocols.swift */ = {isa = PBXFileReference; lastKnownFileType = sourcecode.swift; path = KisiDetayProtocols.swift; sourceTree = "<group>"; };
		AD0B35D028BE241E00F6F390 /* KisiDetayRouter.swift */ = {isa = PBXFileReference; lastKnownFileType = sourcecode.swift; path = KisiDetayRouter.swift; sourceTree = "<group>"; };
		AD0B35D228BE242800F6F390 /* KisiDetayInteractor.swift */ = {isa = PBXFileReference; lastKnownFileType = sourcecode.swift; path = KisiDetayInteractor.swift; sourceTree = "<group>"; };
		AD0B35D428BE243200F6F390 /* KisiDetayPresenter.swift */ = {isa = PBXFileReference; lastKnownFileType = sourcecode.swift; path = KisiDetayPresenter.swift; sourceTree = "<group>"; };
		AD0B35D628BE4A0C00F6F390 /* rehber.sqlite */ = {isa = PBXFileReference; lastKnownFileType = file; path = rehber.sqlite; sourceTree = "<group>"; };
		AD0B35D928BE4A6C00F6F390 /* libsqlite3.tbd */ = {isa = PBXFileReference; lastKnownFileType = "sourcecode.text-based-dylib-definition"; name = libsqlite3.tbd; path = usr/lib/libsqlite3.tbd; sourceTree = SDKROOT; };
		AD0B35DA28BE4AE200F6F390 /* KisilerViperPattern-Bridging-Header.h */ = {isa = PBXFileReference; lastKnownFileType = sourcecode.c.h; path = "KisilerViperPattern-Bridging-Header.h"; sourceTree = "<group>"; };
		AD0B35DB28BE4AE200F6F390 /* FMDatabasePool.m */ = {isa = PBXFileReference; fileEncoding = 4; lastKnownFileType = sourcecode.c.objc; path = FMDatabasePool.m; sourceTree = "<group>"; };
		AD0B35DC28BE4AE200F6F390 /* FMDB.h */ = {isa = PBXFileReference; fileEncoding = 4; lastKnownFileType = sourcecode.c.h; path = FMDB.h; sourceTree = "<group>"; };
		AD0B35DD28BE4AE200F6F390 /* FMDatabaseAdditions.h */ = {isa = PBXFileReference; fileEncoding = 4; lastKnownFileType = sourcecode.c.h; path = FMDatabaseAdditions.h; sourceTree = "<group>"; };
		AD0B35DE28BE4AE200F6F390 /* FMDatabase.h */ = {isa = PBXFileReference; fileEncoding = 4; lastKnownFileType = sourcecode.c.h; path = FMDatabase.h; sourceTree = "<group>"; };
		AD0B35DF28BE4AE200F6F390 /* FMDatabaseAdditions.m */ = {isa = PBXFileReference; fileEncoding = 4; lastKnownFileType = sourcecode.c.objc; path = FMDatabaseAdditions.m; sourceTree = "<group>"; };
		AD0B35E028BE4AE300F6F390 /* FMDatabaseQueue.m */ = {isa = PBXFileReference; fileEncoding = 4; lastKnownFileType = sourcecode.c.objc; path = FMDatabaseQueue.m; sourceTree = "<group>"; };
		AD0B35E128BE4AE300F6F390 /* FMDatabaseQueue.h */ = {isa = PBXFileReference; fileEncoding = 4; lastKnownFileType = sourcecode.c.h; path = FMDatabaseQueue.h; sourceTree = "<group>"; };
		AD0B35E228BE4AE300F6F390 /* FMDatabase.m */ = {isa = PBXFileReference; fileEncoding = 4; lastKnownFileType = sourcecode.c.objc; path = FMDatabase.m; sourceTree = "<group>"; };
		AD0B35E328BE4AE300F6F390 /* FMDatabasePool.h */ = {isa = PBXFileReference; fileEncoding = 4; lastKnownFileType = sourcecode.c.h; path = FMDatabasePool.h; sourceTree = "<group>"; };
		AD0B35E428BE4AE300F6F390 /* FMResultSet.h */ = {isa = PBXFileReference; fileEncoding = 4; lastKnownFileType = sourcecode.c.h; path = FMResultSet.h; sourceTree = "<group>"; };
		AD0B35E528BE4AE300F6F390 /* FMResultSet.m */ = {isa = PBXFileReference; fileEncoding = 4; lastKnownFileType = sourcecode.c.objc; path = FMResultSet.m; sourceTree = "<group>"; };
/* End PBXFileReference section */

/* Begin PBXFrameworksBuildPhase section */
		AD0B358628BE0DDC00F6F390 /* Frameworks */ = {
			isa = PBXFrameworksBuildPhase;
			buildActionMask = 2147483647;
			files = (
			);
			runOnlyForDeploymentPostprocessing = 0;
		};
/* End PBXFrameworksBuildPhase section */

/* Begin PBXGroup section */
		AD0B358028BE0DDC00F6F390 = {
			isa = PBXGroup;
			children = (
				AD0B358B28BE0DDC00F6F390 /* KisilerViperPattern */,
				AD0B358A28BE0DDC00F6F390 /* Products */,
				AD0B35D828BE4A6C00F6F390 /* Frameworks */,
			);
			sourceTree = "<group>";
		};
		AD0B358A28BE0DDC00F6F390 /* Products */ = {
			isa = PBXGroup;
			children = (
				AD0B358928BE0DDC00F6F390 /* KisilerViperPattern.app */,
			);
			name = Products;
			sourceTree = "<group>";
		};
		AD0B358B28BE0DDC00F6F390 /* KisilerViperPattern */ = {
			isa = PBXGroup;
			children = (
				AD0B35B128BE22DF00F6F390 /* entity */,
				AD0B35A828BE225700F6F390 /* anasayfa-module */,
				AD0B35A928BE226700F6F390 /* kisKayit-module */,
				AD0B35AA28BE227700F6F390 /* kisiDetay-module */,
				AD0B358C28BE0DDC00F6F390 /* AppDelegate.swift */,
				AD0B358E28BE0DDC00F6F390 /* SceneDelegate.swift */,
				AD0B359228BE0DDC00F6F390 /* Main.storyboard */,
				AD0B359528BE0DDD00F6F390 /* Assets.xcassets */,
				AD0B359728BE0DDD00F6F390 /* LaunchScreen.storyboard */,
				AD0B359A28BE0DDD00F6F390 /* Info.plist */,
				AD0B35D628BE4A0C00F6F390 /* rehber.sqlite */,
				AD0B35DE28BE4AE200F6F390 /* FMDatabase.h */,
				AD0B35E228BE4AE300F6F390 /* FMDatabase.m */,
				AD0B35DD28BE4AE200F6F390 /* FMDatabaseAdditions.h */,
				AD0B35DF28BE4AE200F6F390 /* FMDatabaseAdditions.m */,
				AD0B35E328BE4AE300F6F390 /* FMDatabasePool.h */,
				AD0B35DB28BE4AE200F6F390 /* FMDatabasePool.m */,
				AD0B35E128BE4AE300F6F390 /* FMDatabaseQueue.h */,
				AD0B35E028BE4AE300F6F390 /* FMDatabaseQueue.m */,
				AD0B35DC28BE4AE200F6F390 /* FMDB.h */,
				AD0B35E428BE4AE300F6F390 /* FMResultSet.h */,
				AD0B35E528BE4AE300F6F390 /* FMResultSet.m */,
				AD0B35DA28BE4AE200F6F390 /* KisilerViperPattern-Bridging-Header.h */,
			);
			path = KisilerViperPattern;
			sourceTree = "<group>";
		};
		AD0B35A828BE225700F6F390 /* anasayfa-module */ = {
			isa = PBXGroup;
			children = (
				AD0B35B028BE22BB00F6F390 /* tableView */,
				AD0B35AF28BE22A800F6F390 /* protocols */,
				AD0B35AE28BE22A100F6F390 /* router */,
				AD0B35AD28BE229900F6F390 /* interactor */,
				AD0B35AC28BE229100F6F390 /* presenter */,
				AD0B35AB28BE228900F6F390 /* view */,
			);
			path = "anasayfa-module";
			sourceTree = "<group>";
		};
		AD0B35A928BE226700F6F390 /* kisKayit-module */ = {
			isa = PBXGroup;
			children = (
				AD0B35BF28BE237000F6F390 /* protocols */,
				AD0B35BE28BE236A00F6F390 /* router */,
				AD0B35BD28BE236200F6F390 /* interactor */,
				AD0B35BC28BE235C00F6F390 /* presenter */,
				AD0B35BB28BE235400F6F390 /* view */,
			);
			path = "kisKayit-module";
			sourceTree = "<group>";
		};
		AD0B35AA28BE227700F6F390 /* kisiDetay-module */ = {
			isa = PBXGroup;
			children = (
				AD0B35CD28BE23FE00F6F390 /* protocols */,
				AD0B35CC28BE23F800F6F390 /* router */,
				AD0B35CB28BE23F100F6F390 /* interactor */,
				AD0B35CA28BE23EA00F6F390 /* presenter */,
				AD0B35C928BE23E500F6F390 /* view */,
			);
			path = "kisiDetay-module";
			sourceTree = "<group>";
		};
		AD0B35AB28BE228900F6F390 /* view */ = {
			isa = PBXGroup;
			children = (
				AD0B359028BE0DDC00F6F390 /* AnasayfaVC.swift */,
			);
			path = view;
			sourceTree = "<group>";
		};
		AD0B35AC28BE229100F6F390 /* presenter */ = {
			isa = PBXGroup;
			children = (
				AD0B35B928BE233C00F6F390 /* AnasayfaPresenter.swift */,
			);
			path = presenter;
			sourceTree = "<group>";
		};
		AD0B35AD28BE229900F6F390 /* interactor */ = {
			isa = PBXGroup;
			children = (
				AD0B35B728BE233000F6F390 /* AnasayfaInteractor.swift */,
			);
			path = interactor;
			sourceTree = "<group>";
		};
		AD0B35AE28BE22A100F6F390 /* router */ = {
			isa = PBXGroup;
			children = (
				AD0B35B428BE231B00F6F390 /* AnasayfaRouter.swift */,
			);
			path = router;
			sourceTree = "<group>";
		};
		AD0B35AF28BE22A800F6F390 /* protocols */ = {
			isa = PBXGroup;
			children = (
				AD0B35B228BE230C00F6F390 /* AnasayfaProtocols.swift */,
			);
			path = protocols;
			sourceTree = "<group>";
		};
		AD0B35B028BE22BB00F6F390 /* tableView */ = {
			isa = PBXGroup;
			children = (
				AD0B35A628BE153100F6F390 /* TableViewHucre.swift */,
			);
			path = tableView;
			sourceTree = "<group>";
		};
		AD0B35B128BE22DF00F6F390 /* entity */ = {
			isa = PBXGroup;
			children = (
				AD0B35A428BE120000F6F390 /* Kisiler.swift */,
			);
			path = entity;
			sourceTree = "<group>";
		};
		AD0B35BB28BE235400F6F390 /* view */ = {
			isa = PBXGroup;
			children = (
				AD0B35A028BE0EC100F6F390 /* KisiKayitVC.swift */,
			);
			path = view;
			sourceTree = "<group>";
		};
		AD0B35BC28BE235C00F6F390 /* presenter */ = {
			isa = PBXGroup;
			children = (
				AD0B35C728BE23C700F6F390 /* KisiKayitPresenter.swift */,
			);
			path = presenter;
			sourceTree = "<group>";
		};
		AD0B35BD28BE236200F6F390 /* interactor */ = {
			isa = PBXGroup;
			children = (
				AD0B35C528BE23B900F6F390 /* KisiKayitInteractor.swift */,
			);
			path = interactor;
			sourceTree = "<group>";
		};
		AD0B35BE28BE236A00F6F390 /* router */ = {
			isa = PBXGroup;
			children = (
				AD0B35C228BE23A200F6F390 /* KisiKayitRouter.swift */,
			);
			path = router;
			sourceTree = "<group>";
		};
		AD0B35BF28BE237000F6F390 /* protocols */ = {
			isa = PBXGroup;
			children = (
				AD0B35C028BE239700F6F390 /* KisiKayitProtocols.swift */,
			);
			path = protocols;
			sourceTree = "<group>";
		};
		AD0B35C928BE23E500F6F390 /* view */ = {
			isa = PBXGroup;
			children = (
				AD0B35A228BE0ED600F6F390 /* KisiDetayVC.swift */,
			);
			path = view;
			sourceTree = "<group>";
		};
		AD0B35CA28BE23EA00F6F390 /* presenter */ = {
			isa = PBXGroup;
			children = (
				AD0B35D428BE243200F6F390 /* KisiDetayPresenter.swift */,
			);
			path = presenter;
			sourceTree = "<group>";
		};
		AD0B35CB28BE23F100F6F390 /* interactor */ = {
			isa = PBXGroup;
			children = (
				AD0B35D228BE242800F6F390 /* KisiDetayInteractor.swift */,
			);
			path = interactor;
			sourceTree = "<group>";
		};
		AD0B35CC28BE23F800F6F390 /* router */ = {
			isa = PBXGroup;
			children = (
				AD0B35D028BE241E00F6F390 /* KisiDetayRouter.swift */,
			);
			path = router;
			sourceTree = "<group>";
		};
		AD0B35CD28BE23FE00F6F390 /* protocols */ = {
			isa = PBXGroup;
			children = (
				AD0B35CE28BE241300F6F390 /* KisiDetayProtocols.swift */,
			);
			path = protocols;
			sourceTree = "<group>";
		};
		AD0B35D828BE4A6C00F6F390 /* Frameworks */ = {
			isa = PBXGroup;
			children = (
				AD0B35D928BE4A6C00F6F390 /* libsqlite3.tbd */,
			);
			name = Frameworks;
			sourceTree = "<group>";
		};
/* End PBXGroup section */

/* Begin PBXNativeTarget section */
		AD0B358828BE0DDC00F6F390 /* KisilerViperPattern */ = {
			isa = PBXNativeTarget;
			buildConfigurationList = AD0B359D28BE0DDD00F6F390 /* Build configuration list for PBXNativeTarget "KisilerViperPattern" */;
			buildPhases = (
				AD0B358528BE0DDC00F6F390 /* Sources */,
				AD0B358628BE0DDC00F6F390 /* Frameworks */,
				AD0B358728BE0DDC00F6F390 /* Resources */,
			);
			buildRules = (
			);
			dependencies = (
			);
			name = KisilerViperPattern;
			productName = KisilerViperPattern;
			productReference = AD0B358928BE0DDC00F6F390 /* KisilerViperPattern.app */;
			productType = "com.apple.product-type.application";
		};
/* End PBXNativeTarget section */

/* Begin PBXProject section */
		AD0B358128BE0DDC00F6F390 /* Project object */ = {
			isa = PBXProject;
			attributes = {
				BuildIndependentTargetsInParallel = 1;
				LastSwiftUpdateCheck = 1340;
				LastUpgradeCheck = 1340;
				TargetAttributes = {
					AD0B358828BE0DDC00F6F390 = {
						CreatedOnToolsVersion = 13.4.1;
						LastSwiftMigration = 1340;
					};
				};
			};
			buildConfigurationList = AD0B358428BE0DDC00F6F390 /* Build configuration list for PBXProject "KisilerViperPattern" */;
			compatibilityVersion = "Xcode 13.0";
			developmentRegion = en;
			hasScannedForEncodings = 0;
			knownRegions = (
				en,
				Base,
			);
			mainGroup = AD0B358028BE0DDC00F6F390;
			productRefGroup = AD0B358A28BE0DDC00F6F390 /* Products */;
			projectDirPath = "";
			projectRoot = "";
			targets = (
				AD0B358828BE0DDC00F6F390 /* KisilerViperPattern */,
			);
		};
/* End PBXProject section */

/* Begin PBXResourcesBuildPhase section */
		AD0B358728BE0DDC00F6F390 /* Resources */ = {
			isa = PBXResourcesBuildPhase;
			buildActionMask = 2147483647;
			files = (
				AD0B359928BE0DDD00F6F390 /* LaunchScreen.storyboard in Resources */,
				AD0B35D728BE4A0C00F6F390 /* rehber.sqlite in Resources */,
				AD0B359628BE0DDD00F6F390 /* Assets.xcassets in Resources */,
				AD0B359428BE0DDC00F6F390 /* Main.storyboard in Resources */,
			);
			runOnlyForDeploymentPostprocessing = 0;
		};
/* End PBXResourcesBuildPhase section */

/* Begin PBXSourcesBuildPhase section */
		AD0B358528BE0DDC00F6F390 /* Sources */ = {
			isa = PBXSourcesBuildPhase;
			buildActionMask = 2147483647;
			files = (
				AD0B35D328BE242800F6F390 /* KisiDetayInteractor.swift in Sources */,
				AD0B35C328BE23A200F6F390 /* KisiKayitRouter.swift in Sources */,
				AD0B35B528BE231B00F6F390 /* AnasayfaRouter.swift in Sources */,
				AD0B35A328BE0ED600F6F390 /* KisiDetayVC.swift in Sources */,
				AD0B359128BE0DDC00F6F390 /* AnasayfaVC.swift in Sources */,
				AD0B35E728BE4AE300F6F390 /* FMDatabaseAdditions.m in Sources */,
				AD0B35EA28BE4AE300F6F390 /* FMResultSet.m in Sources */,
				AD0B35D128BE241E00F6F390 /* KisiDetayRouter.swift in Sources */,
				AD0B35C828BE23C700F6F390 /* KisiKayitPresenter.swift in Sources */,
				AD0B35E928BE4AE300F6F390 /* FMDatabase.m in Sources */,
				AD0B358D28BE0DDC00F6F390 /* AppDelegate.swift in Sources */,
				AD0B35B328BE230C00F6F390 /* AnasayfaProtocols.swift in Sources */,
				AD0B35A728BE153100F6F390 /* TableViewHucre.swift in Sources */,
				AD0B358F28BE0DDC00F6F390 /* SceneDelegate.swift in Sources */,
				AD0B35A128BE0EC100F6F390 /* KisiKayitVC.swift in Sources */,
				AD0B35BA28BE233C00F6F390 /* AnasayfaPresenter.swift in Sources */,
				AD0B35B828BE233000F6F390 /* AnasayfaInteractor.swift in Sources */,
				AD0B35C628BE23B900F6F390 /* KisiKayitInteractor.swift in Sources */,
				AD0B35C128BE239700F6F390 /* KisiKayitProtocols.swift in Sources */,
				AD0B35D528BE243200F6F390 /* KisiDetayPresenter.swift in Sources */,
				AD0B35E628BE4AE300F6F390 /* FMDatabasePool.m in Sources */,
				AD0B35E828BE4AE300F6F390 /* FMDatabaseQueue.m in Sources */,
				AD0B35A528BE120000F6F390 /* Kisiler.swift in Sources */,
				AD0B35CF28BE241300F6F390 /* KisiDetayProtocols.swift in Sources */,
			);
			runOnlyForDeploymentPostprocessing = 0;
		};
/* End PBXSourcesBuildPhase section */

/* Begin PBXVariantGroup section */
		AD0B359228BE0DDC00F6F390 /* Main.storyboard */ = {
			isa = PBXVariantGroup;
			children = (
				AD0B359328BE0DDC00F6F390 /* Base */,
			);
			name = Main.storyboard;
			sourceTree = "<group>";
		};
		AD0B359728BE0DDD00F6F390 /* LaunchScreen.storyboard */ = {
			isa = PBXVariantGroup;
			children = (
				AD0B359828BE0DDD00F6F390 /* Base */,
			);
			name = LaunchScreen.storyboard;
			sourceTree = "<group>";
		};
/* End PBXVariantGroup section */

/* Begin XCBuildConfiguration section */
		AD0B359B28BE0DDD00F6F390 /* Debug */ = {
			isa = XCBuildConfiguration;
			buildSettings = {
				ALWAYS_SEARCH_USER_PATHS = NO;
				CLANG_ANALYZER_NONNULL = YES;
				CLANG_ANALYZER_NUMBER_OBJECT_CONVERSION = YES_AGGRESSIVE;
				CLANG_CXX_LANGUAGE_STANDARD = "gnu++17";
				CLANG_ENABLE_MODULES = YES;
				CLANG_ENABLE_OBJC_ARC = YES;
				CLANG_ENABLE_OBJC_WEAK = YES;
				CLANG_WARN_BLOCK_CAPTURE_AUTORELEASING = YES;
				CLANG_WARN_BOOL_CONVERSION = YES;
				CLANG_WARN_COMMA = YES;
				CLANG_WARN_CONSTANT_CONVERSION = YES;
				CLANG_WARN_DEPRECATED_OBJC_IMPLEMENTATIONS = YES;
				CLANG_WARN_DIRECT_OBJC_ISA_USAGE = YES_ERROR;
				CLANG_WARN_DOCUMENTATION_COMMENTS = YES;
				CLANG_WARN_EMPTY_BODY = YES;
				CLANG_WARN_ENUM_CONVERSION = YES;
				CLANG_WARN_INFINITE_RECURSION = YES;
				CLANG_WARN_INT_CONVERSION = YES;
				CLANG_WARN_NON_LITERAL_NULL_CONVERSION = YES;
				CLANG_WARN_OBJC_IMPLICIT_RETAIN_SELF = YES;
				CLANG_WARN_OBJC_LITERAL_CONVERSION = YES;
				CLANG_WARN_OBJC_ROOT_CLASS = YES_ERROR;
				CLANG_WARN_QUOTED_INCLUDE_IN_FRAMEWORK_HEADER = YES;
				CLANG_WARN_RANGE_LOOP_ANALYSIS = YES;
				CLANG_WARN_STRICT_PROTOTYPES = YES;
				CLANG_WARN_SUSPICIOUS_MOVE = YES;
				CLANG_WARN_UNGUARDED_AVAILABILITY = YES_AGGRESSIVE;
				CLANG_WARN_UNREACHABLE_CODE = YES;
				CLANG_WARN__DUPLICATE_METHOD_MATCH = YES;
				COPY_PHASE_STRIP = NO;
				DEBUG_INFORMATION_FORMAT = dwarf;
				ENABLE_STRICT_OBJC_MSGSEND = YES;
				ENABLE_TESTABILITY = YES;
				GCC_C_LANGUAGE_STANDARD = gnu11;
				GCC_DYNAMIC_NO_PIC = NO;
				GCC_NO_COMMON_BLOCKS = YES;
				GCC_OPTIMIZATION_LEVEL = 0;
				GCC_PREPROCESSOR_DEFINITIONS = (
					"DEBUG=1",
					"$(inherited)",
				);
				GCC_WARN_64_TO_32_BIT_CONVERSION = YES;
				GCC_WARN_ABOUT_RETURN_TYPE = YES_ERROR;
				GCC_WARN_UNDECLARED_SELECTOR = YES;
				GCC_WARN_UNINITIALIZED_AUTOS = YES_AGGRESSIVE;
				GCC_WARN_UNUSED_FUNCTION = YES;
				GCC_WARN_UNUSED_VARIABLE = YES;
				IPHONEOS_DEPLOYMENT_TARGET = 15.5;
				MTL_ENABLE_DEBUG_INFO = INCLUDE_SOURCE;
				MTL_FAST_MATH = YES;
				ONLY_ACTIVE_ARCH = YES;
				SDKROOT = iphoneos;
				SWIFT_ACTIVE_COMPILATION_CONDITIONS = DEBUG;
				SWIFT_OPTIMIZATION_LEVEL = "-Onone";
			};
			name = Debug;
		};
		AD0B359C28BE0DDD00F6F390 /* Release */ = {
			isa = XCBuildConfiguration;
			buildSettings = {
				ALWAYS_SEARCH_USER_PATHS = NO;
				CLANG_ANALYZER_NONNULL = YES;
				CLANG_ANALYZER_NUMBER_OBJECT_CONVERSION = YES_AGGRESSIVE;
				CLANG_CXX_LANGUAGE_STANDARD = "gnu++17";
				CLANG_ENABLE_MODULES = YES;
				CLANG_ENABLE_OBJC_ARC = YES;
				CLANG_ENABLE_OBJC_WEAK = YES;
				CLANG_WARN_BLOCK_CAPTURE_AUTORELEASING = YES;
				CLANG_WARN_BOOL_CONVERSION = YES;
				CLANG_WARN_COMMA = YES;
				CLANG_WARN_CONSTANT_CONVERSION = YES;
				CLANG_WARN_DEPRECATED_OBJC_IMPLEMENTATIONS = YES;
				CLANG_WARN_DIRECT_OBJC_ISA_USAGE = YES_ERROR;
				CLANG_WARN_DOCUMENTATION_COMMENTS = YES;
				CLANG_WARN_EMPTY_BODY = YES;
				CLANG_WARN_ENUM_CONVERSION = YES;
				CLANG_WARN_INFINITE_RECURSION = YES;
				CLANG_WARN_INT_CONVERSION = YES;
				CLANG_WARN_NON_LITERAL_NULL_CONVERSION = YES;
				CLANG_WARN_OBJC_IMPLICIT_RETAIN_SELF = YES;
				CLANG_WARN_OBJC_LITERAL_CONVERSION = YES;
				CLANG_WARN_OBJC_ROOT_CLASS = YES_ERROR;
				CLANG_WARN_QUOTED_INCLUDE_IN_FRAMEWORK_HEADER = YES;
				CLANG_WARN_RANGE_LOOP_ANALYSIS = YES;
				CLANG_WARN_STRICT_PROTOTYPES = YES;
				CLANG_WARN_SUSPICIOUS_MOVE = YES;
				CLANG_WARN_UNGUARDED_AVAILABILITY = YES_AGGRESSIVE;
				CLANG_WARN_UNREACHABLE_CODE = YES;
				CLANG_WARN__DUPLICATE_METHOD_MATCH = YES;
				COPY_PHASE_STRIP = NO;
				DEBUG_INFORMATION_FORMAT = "dwarf-with-dsym";
				ENABLE_NS_ASSERTIONS = NO;
				ENABLE_STRICT_OBJC_MSGSEND = YES;
				GCC_C_LANGUAGE_STANDARD = gnu11;
				GCC_NO_COMMON_BLOCKS = YES;
				GCC_WARN_64_TO_32_BIT_CONVERSION = YES;
				GCC_WARN_ABOUT_RETURN_TYPE = YES_ERROR;
				GCC_WARN_UNDECLARED_SELECTOR = YES;
				GCC_WARN_UNINITIALIZED_AUTOS = YES_AGGRESSIVE;
				GCC_WARN_UNUSED_FUNCTION = YES;
				GCC_WARN_UNUSED_VARIABLE = YES;
				IPHONEOS_DEPLOYMENT_TARGET = 15.5;
				MTL_ENABLE_DEBUG_INFO = NO;
				MTL_FAST_MATH = YES;
				SDKROOT = iphoneos;
				SWIFT_COMPILATION_MODE = wholemodule;
				SWIFT_OPTIMIZATION_LEVEL = "-O";
				VALIDATE_PRODUCT = YES;
			};
			name = Release;
		};
		AD0B359E28BE0DDD00F6F390 /* Debug */ = {
			isa = XCBuildConfiguration;
			buildSettings = {
				ASSETCATALOG_COMPILER_APPICON_NAME = AppIcon;
				ASSETCATALOG_COMPILER_GLOBAL_ACCENT_COLOR_NAME = AccentColor;
				CLANG_ENABLE_MODULES = YES;
				CODE_SIGN_STYLE = Automatic;
				CURRENT_PROJECT_VERSION = 1;
				DEVELOPMENT_TEAM = FN4UH9Z6XK;
				GENERATE_INFOPLIST_FILE = YES;
				INFOPLIST_FILE = KisilerViperPattern/Info.plist;
				INFOPLIST_KEY_UIApplicationSupportsIndirectInputEvents = YES;
				INFOPLIST_KEY_UILaunchStoryboardName = LaunchScreen;
				INFOPLIST_KEY_UIMainStoryboardFile = Main;
				INFOPLIST_KEY_UISupportedInterfaceOrientations = UIInterfaceOrientationPortrait;
				INFOPLIST_KEY_UISupportedInterfaceOrientations_iPad = "UIInterfaceOrientationPortrait UIInterfaceOrientationPortraitUpsideDown UIInterfaceOrientationLandscapeLeft UIInterfaceOrientationLandscapeRight";
				INFOPLIST_KEY_UISupportedInterfaceOrientations_iPhone = "UIInterfaceOrientationPortrait UIInterfaceOrientationLandscapeLeft UIInterfaceOrientationLandscapeRight";
				LD_RUNPATH_SEARCH_PATHS = (
					"$(inherited)",
					"@executable_path/Frameworks",
				);
				MARKETING_VERSION = 1.0;
				PRODUCT_BUNDLE_IDENTIFIER = com.burakacik.KisilerViperPattern;
				PRODUCT_NAME = "$(TARGET_NAME)";
				SWIFT_EMIT_LOC_STRINGS = YES;
				SWIFT_OBJC_BRIDGING_HEADER = "KisilerViperPattern/KisilerViperPattern-Bridging-Header.h";
				SWIFT_OPTIMIZATION_LEVEL = "-Onone";
				SWIFT_VERSION = 5.0;
				TARGETED_DEVICE_FAMILY = 1;
			};
			name = Debug;
		};
		AD0B359F28BE0DDD00F6F390 /* Release */ = {
			isa = XCBuildConfiguration;
			buildSettings = {
				ASSETCATALOG_COMPILER_APPICON_NAME = AppIcon;
				ASSETCATALOG_COMPILER_GLOBAL_ACCENT_COLOR_NAME = AccentColor;
				CLANG_ENABLE_MODULES = YES;
				CODE_SIGN_STYLE = Automatic;
				CURRENT_PROJECT_VERSION = 1;
				DEVELOPMENT_TEAM = FN4UH9Z6XK;
				GENERATE_INFOPLIST_FILE = YES;
				INFOPLIST_FILE = KisilerViperPattern/Info.plist;
				INFOPLIST_KEY_UIApplicationSupportsIndirectInputEvents = YES;
				INFOPLIST_KEY_UILaunchStoryboardName = LaunchScreen;
				INFOPLIST_KEY_UIMainStoryboardFile = Main;
				INFOPLIST_KEY_UISupportedInterfaceOrientations = UIInterfaceOrientationPortrait;
				INFOPLIST_KEY_UISupportedInterfaceOrientations_iPad = "UIInterfaceOrientationPortrait UIInterfaceOrientationPortraitUpsideDown UIInterfaceOrientationLandscapeLeft UIInterfaceOrientationLandscapeRight";
				INFOPLIST_KEY_UISupportedInterfaceOrientations_iPhone = "UIInterfaceOrientationPortrait UIInterfaceOrientationLandscapeLeft UIInterfaceOrientationLandscapeRight";
				LD_RUNPATH_SEARCH_PATHS = (
					"$(inherited)",
					"@executable_path/Frameworks",
				);
				MARKETING_VERSION = 1.0;
				PRODUCT_BUNDLE_IDENTIFIER = com.burakacik.KisilerViperPattern;
				PRODUCT_NAME = "$(TARGET_NAME)";
				SWIFT_EMIT_LOC_STRINGS = YES;
				SWIFT_OBJC_BRIDGING_HEADER = "KisilerViperPattern/KisilerViperPattern-Bridging-Header.h";
				SWIFT_VERSION = 5.0;
				TARGETED_DEVICE_FAMILY = 1;
			};
			name = Release;
		};
/* End XCBuildConfiguration section */

/* Begin XCConfigurationList section */
		AD0B358428BE0DDC00F6F390 /* Build configuration list for PBXProject "KisilerViperPattern" */ = {
			isa = XCConfigurationList;
			buildConfigurations = (
				AD0B359B28BE0DDD00F6F390 /* Debug */,
				AD0B359C28BE0DDD00F6F390 /* Release */,
			);
			defaultConfigurationIsVisible = 0;
			defaultConfigurationName = Release;
		};
		AD0B359D28BE0DDD00F6F390 /* Build configuration list for PBXNativeTarget "KisilerViperPattern" */ = {
			isa = XCConfigurationList;
			buildConfigurations = (
				AD0B359E28BE0DDD00F6F390 /* Debug */,
				AD0B359F28BE0DDD00F6F390 /* Release */,
			);
			defaultConfigurationIsVisible = 0;
			defaultConfigurationName = Release;
		};
/* End XCConfigurationList section */
	};
	rootObject = AD0B358128BE0DDC00F6F390 /* Project object */;
}
